
Microsoft Visual Studio Solution File, Format Version 12.00
# Visual Studio 15
VisualStudioVersion = 15.0.27703.2026
MinimumVisualStudioVersion = 10.0.40219.1
Project("{FAE04EC0-301F-11D3-BF4B-00C04F79EFBC}") = "HelloWorldASPNET", "HelloWorldASPNET\HelloWorldASPNET.csproj", "{A8CBCF53-320A-4721-81CB-5839AC3BC05C}"
EndProject
Global
	GlobalSection(SolutionConfigurationPlatforms) = preSolution
		Debug|Any CPU = Debug|Any CPU
		Release|Any CPU = Release|Any CPU
	EndGlobalSection
	GlobalSection(ProjectConfigurationPlatforms) = postSolution
		{A8CBCF53-320A-4721-81CB-5839AC3BC05C}.Debug|Any CPU.ActiveCfg = Debug|Any CPU
		{A8CBCF53-320A-4721-81CB-5839AC3BC05C}.Debug|Any CPU.Build.0 = Debug|Any CPU
		{A8CBCF53-320A-4721-81CB-5839AC3BC05C}.Release|Any CPU.ActiveCfg = Release|Any CPU
		{A8CBCF53-320A-4721-81CB-5839AC3BC05C}.Release|Any CPU.Build.0 = Release|Any CPU
	EndGlobalSection
	GlobalSection(SolutionProperties) = preSolution
		HideSolutionNode = FALSE
	EndGlobalSection
	GlobalSection(ExtensibilityGlobals) = postSolution
		SolutionGuid = {896F0432-F2E7-424E-8B45-14864ED81F4C}
	EndGlobalSection
EndGlobal
